
Microsoft Visual Studio Solution File, Format Version 12.00
# Visual Studio 14
VisualStudioVersion = 14.0.25123.0
MinimumVisualStudioVersion = 10.0.40219.1
Project("{8BC9CEB8-8B4A-11D0-8D11-00A0C91BC942}") = "R2DX.Head.Front", "Q:\Documenten\Arduino\R2DX.Head.Front\R2DX.Head.Front.vcxproj", "{EA019504-B57D-4434-830C-6CF85EE85130}"
EndProject
Project("{8BC9CEB8-8B4A-11D0-8D11-00A0C91BC942}") = "R2DX.Head.Back", "Q:\Documenten\Arduino\R2DX.Head.Back\R2DX.Head.Back.vcxproj", "{3CE90F42-7119-42FE-9D0E-76977A33A02D}"
EndProject
Project("{8BC9CEB8-8B4A-11D0-8D11-00A0C91BC942}") = "R2DX.Body.Front", "Q:\Documenten\Arduino\R2DX.Body.Front\R2DX.Body.Front.vcxproj", "{EF6E0393-65DF-4C6D-AF8C-D4C4F44045D3}"
EndProject
Project("{8BC9CEB8-8B4A-11D0-8D11-00A0C91BC942}") = "R2DX.Body.Back.Motorshield", "Q:\Documenten\Arduino\R2DX.Body.Back.Motorshield\R2DX.Body.Back.Motorshield.vcxproj", "{58AD0123-D93A-439D-B19C-E716E29F7AE1}"
EndProject
Project("{8BC9CEB8-8B4A-11D0-8D11-00A0C91BC942}") = "R2DX.Body.Back.Wifishield", "Q:\Documenten\Arduino\R2DX.Body.Back.Wifishield\R2DX.Body.Back.Wifishield.vcxproj", "{4360915F-0FB0-49B4-9D88-DEE3F2DB6493}"
EndProject
Project("{FAE04EC0-301F-11D3-BF4B-00C04F79EFBC}") = "R2DX.Control.iPhone", "R2DX.Control.iPhone\R2DX.Control.iPhone.csproj", "{E7C5A6DD-ED6C-4DCA-96B1-E4C548EE7A43}"
EndProject
Project("{FAE04EC0-301F-11D3-BF4B-00C04F79EFBC}") = "R2DX.Control.Android", "R2DX.Control.Android\R2DX.Control.Android.csproj", "{443E4A42-5A93-4B24-B97F-71FBA4965CFA}"
EndProject
Project("{FAE04EC0-301F-11D3-BF4B-00C04F79EFBC}") = "R2DX.Control.WindowsPhone", "R2DX.Control.WindowsPhone\R2DX.Control.WindowsPhone.csproj", "{8E1D1C50-E95B-49B4-B8DE-3758995F80BE}"
EndProject
Project("{FAE04EC0-301F-11D3-BF4B-00C04F79EFBC}") = "R2DX.Control.Windows", "R2DX.Control.Windows\R2DX.Control.Windows.csproj", "{8E63CA4A-544E-4E9C-8CA0-26D80D993237}"
EndProject
Project("{FAE04EC0-301F-11D3-BF4B-00C04F79EFBC}") = "R2DX.Common", "R2DX.Common\R2DX.Common.csproj", "{3378E516-C6BA-400B-BF0C-103322AEF7D4}"
EndProject
Project("{FAE04EC0-301F-11D3-BF4B-00C04F79EFBC}") = "R2DX.AI", "R2DX.AI\R2DX.AI.csproj", "{E92CDF12-E179-42B2-B33A-17A86D9B0313}"
EndProject
Global
	GlobalSection(SolutionConfigurationPlatforms) = preSolution
		Ad-Hoc|Any CPU = Ad-Hoc|Any CPU
		Ad-Hoc|ARM = Ad-Hoc|ARM
		Ad-Hoc|iPhone = Ad-Hoc|iPhone
		Ad-Hoc|iPhoneSimulator = Ad-Hoc|iPhoneSimulator
		Ad-Hoc|x64 = Ad-Hoc|x64
		Ad-Hoc|x86 = Ad-Hoc|x86
		AppStore|Any CPU = AppStore|Any CPU
		AppStore|ARM = AppStore|ARM
		AppStore|iPhone = AppStore|iPhone
		AppStore|iPhoneSimulator = AppStore|iPhoneSimulator
		AppStore|x64 = AppStore|x64
		AppStore|x86 = AppStore|x86
		Debug|Any CPU = Debug|Any CPU
		Debug|ARM = Debug|ARM
		Debug|iPhone = Debug|iPhone
		Debug|iPhoneSimulator = Debug|iPhoneSimulator
		Debug|x64 = Debug|x64
		Debug|x86 = Debug|x86
		Release|Any CPU = Release|Any CPU
		Release|ARM = Release|ARM
		Release|iPhone = Release|iPhone
		Release|iPhoneSimulator = Release|iPhoneSimulator
		Release|x64 = Release|x64
		Release|x86 = Release|x86
	EndGlobalSection
	GlobalSection(ProjectConfigurationPlatforms) = postSolution
		{EA019504-B57D-4434-830C-6CF85EE85130}.Ad-Hoc|Any CPU.ActiveCfg = Release|x64
		{EA019504-B57D-4434-830C-6CF85EE85130}.Ad-Hoc|Any CPU.Build.0 = Release|x64
		{EA019504-B57D-4434-830C-6CF85EE85130}.Ad-Hoc|ARM.ActiveCfg = Release|x64
		{EA019504-B57D-4434-830C-6CF85EE85130}.Ad-Hoc|ARM.Build.0 = Release|x64
		{EA019504-B57D-4434-830C-6CF85EE85130}.Ad-Hoc|iPhone.ActiveCfg = Release|x64
		{EA019504-B57D-4434-830C-6CF85EE85130}.Ad-Hoc|iPhone.Build.0 = Release|x64
		{EA019504-B57D-4434-830C-6CF85EE85130}.Ad-Hoc|iPhoneSimulator.ActiveCfg = Release|x64
		{EA019504-B57D-4434-830C-6CF85EE85130}.Ad-Hoc|iPhoneSimulator.Build.0 = Release|x64
		{EA019504-B57D-4434-830C-6CF85EE85130}.Ad-Hoc|x64.ActiveCfg = Release|x64
		{EA019504-B57D-4434-830C-6CF85EE85130}.Ad-Hoc|x64.Build.0 = Release|x64
		{EA019504-B57D-4434-830C-6CF85EE85130}.Ad-Hoc|x86.ActiveCfg = Release|Win32
		{EA019504-B57D-4434-830C-6CF85EE85130}.Ad-Hoc|x86.Build.0 = Release|Win32
		{EA019504-B57D-4434-830C-6CF85EE85130}.AppStore|Any CPU.ActiveCfg = Release|x64
		{EA019504-B57D-4434-830C-6CF85EE85130}.AppStore|Any CPU.Build.0 = Release|x64
		{EA019504-B57D-4434-830C-6CF85EE85130}.AppStore|ARM.ActiveCfg = Release|x64
		{EA019504-B57D-4434-830C-6CF85EE85130}.AppStore|ARM.Build.0 = Release|x64
		{EA019504-B57D-4434-830C-6CF85EE85130}.AppStore|iPhone.ActiveCfg = Release|x64
		{EA019504-B57D-4434-830C-6CF85EE85130}.AppStore|iPhone.Build.0 = Release|x64
		{EA019504-B57D-4434-830C-6CF85EE85130}.AppStore|iPhoneSimulator.ActiveCfg = Release|x64
		{EA019504-B57D-4434-830C-6CF85EE85130}.AppStore|iPhoneSimulator.Build.0 = Release|x64
		{EA019504-B57D-4434-830C-6CF85EE85130}.AppStore|x64.ActiveCfg = Release|x64
		{EA019504-B57D-4434-830C-6CF85EE85130}.AppStore|x64.Build.0 = Release|x64
		{EA019504-B57D-4434-830C-6CF85EE85130}.AppStore|x86.ActiveCfg = Release|Win32
		{EA019504-B57D-4434-830C-6CF85EE85130}.AppStore|x86.Build.0 = Release|Win32
		{EA019504-B57D-4434-830C-6CF85EE85130}.Debug|Any CPU.ActiveCfg = Debug|Win32
		{EA019504-B57D-4434-830C-6CF85EE85130}.Debug|ARM.ActiveCfg = Debug|Win32
		{EA019504-B57D-4434-830C-6CF85EE85130}.Debug|iPhone.ActiveCfg = Debug|Win32
		{EA019504-B57D-4434-830C-6CF85EE85130}.Debug|iPhoneSimulator.ActiveCfg = Debug|Win32
		{EA019504-B57D-4434-830C-6CF85EE85130}.Debug|x64.ActiveCfg = Debug|x64
		{EA019504-B57D-4434-830C-6CF85EE85130}.Debug|x64.Build.0 = Debug|x64
		{EA019504-B57D-4434-830C-6CF85EE85130}.Debug|x86.ActiveCfg = Debug|Win32
		{EA019504-B57D-4434-830C-6CF85EE85130}.Debug|x86.Build.0 = Debug|Win32
		{EA019504-B57D-4434-830C-6CF85EE85130}.Release|Any CPU.ActiveCfg = Release|Win32
		{EA019504-B57D-4434-830C-6CF85EE85130}.Release|ARM.ActiveCfg = Release|Win32
		{EA019504-B57D-4434-830C-6CF85EE85130}.Release|iPhone.ActiveCfg = Release|Win32
		{EA019504-B57D-4434-830C-6CF85EE85130}.Release|iPhoneSimulator.ActiveCfg = Release|Win32
		{EA019504-B57D-4434-830C-6CF85EE85130}.Release|x64.ActiveCfg = Release|x64
		{EA019504-B57D-4434-830C-6CF85EE85130}.Release|x64.Build.0 = Release|x64
		{EA019504-B57D-4434-830C-6CF85EE85130}.Release|x86.ActiveCfg = Release|Win32
		{EA019504-B57D-4434-830C-6CF85EE85130}.Release|x86.Build.0 = Release|Win32
		{3CE90F42-7119-42FE-9D0E-76977A33A02D}.Ad-Hoc|Any CPU.ActiveCfg = Release|x64
		{3CE90F42-7119-42FE-9D0E-76977A33A02D}.Ad-Hoc|Any CPU.Build.0 = Release|x64
		{3CE90F42-7119-42FE-9D0E-76977A33A02D}.Ad-Hoc|ARM.ActiveCfg = Release|x64
		{3CE90F42-7119-42FE-9D0E-76977A33A02D}.Ad-Hoc|ARM.Build.0 = Release|x64
		{3CE90F42-7119-42FE-9D0E-76977A33A02D}.Ad-Hoc|iPhone.ActiveCfg = Release|x64
		{3CE90F42-7119-42FE-9D0E-76977A33A02D}.Ad-Hoc|iPhone.Build.0 = Release|x64
		{3CE90F42-7119-42FE-9D0E-76977A33A02D}.Ad-Hoc|iPhoneSimulator.ActiveCfg = Release|x64
		{3CE90F42-7119-42FE-9D0E-76977A33A02D}.Ad-Hoc|iPhoneSimulator.Build.0 = Release|x64
		{3CE90F42-7119-42FE-9D0E-76977A33A02D}.Ad-Hoc|x64.ActiveCfg = Release|x64
		{3CE90F42-7119-42FE-9D0E-76977A33A02D}.Ad-Hoc|x64.Build.0 = Release|x64
		{3CE90F42-7119-42FE-9D0E-76977A33A02D}.Ad-Hoc|x86.ActiveCfg = Release|Win32
		{3CE90F42-7119-42FE-9D0E-76977A33A02D}.Ad-Hoc|x86.Build.0 = Release|Win32
		{3CE90F42-7119-42FE-9D0E-76977A33A02D}.AppStore|Any CPU.ActiveCfg = Release|x64
		{3CE90F42-7119-42FE-9D0E-76977A33A02D}.AppStore|Any CPU.Build.0 = Release|x64
		{3CE90F42-7119-42FE-9D0E-76977A33A02D}.AppStore|ARM.ActiveCfg = Release|x64
		{3CE90F42-7119-42FE-9D0E-76977A33A02D}.AppStore|ARM.Build.0 = Release|x64
		{3CE90F42-7119-42FE-9D0E-76977A33A02D}.AppStore|iPhone.ActiveCfg = Release|x64
		{3CE90F42-7119-42FE-9D0E-76977A33A02D}.AppStore|iPhone.Build.0 = Release|x64
		{3CE90F42-7119-42FE-9D0E-76977A33A02D}.AppStore|iPhoneSimulator.ActiveCfg = Release|x64
		{3CE90F42-7119-42FE-9D0E-76977A33A02D}.AppStore|iPhoneSimulator.Build.0 = Release|x64
		{3CE90F42-7119-42FE-9D0E-76977A33A02D}.AppStore|x64.ActiveCfg = Release|x64
		{3CE90F42-7119-42FE-9D0E-76977A33A02D}.AppStore|x64.Build.0 = Release|x64
		{3CE90F42-7119-42FE-9D0E-76977A33A02D}.AppStore|x86.ActiveCfg = Release|Win32
		{3CE90F42-7119-42FE-9D0E-76977A33A02D}.AppStore|x86.Build.0 = Release|Win32
		{3CE90F42-7119-42FE-9D0E-76977A33A02D}.Debug|Any CPU.ActiveCfg = Debug|Win32
		{3CE90F42-7119-42FE-9D0E-76977A33A02D}.Debug|ARM.ActiveCfg = Debug|Win32
		{3CE90F42-7119-42FE-9D0E-76977A33A02D}.Debug|iPhone.ActiveCfg = Debug|Win32
		{3CE90F42-7119-42FE-9D0E-76977A33A02D}.Debug|iPhoneSimulator.ActiveCfg = Debug|Win32
		{3CE90F42-7119-42FE-9D0E-76977A33A02D}.Debug|x64.ActiveCfg = Debug|x64
		{3CE90F42-7119-42FE-9D0E-76977A33A02D}.Debug|x64.Build.0 = Debug|x64
		{3CE90F42-7119-42FE-9D0E-76977A33A02D}.Debug|x86.ActiveCfg = Debug|Win32
		{3CE90F42-7119-42FE-9D0E-76977A33A02D}.Debug|x86.Build.0 = Debug|Win32
		{3CE90F42-7119-42FE-9D0E-76977A33A02D}.Release|Any CPU.ActiveCfg = Release|Win32
		{3CE90F42-7119-42FE-9D0E-76977A33A02D}.Release|ARM.ActiveCfg = Release|Win32
		{3CE90F42-7119-42FE-9D0E-76977A33A02D}.Release|iPhone.ActiveCfg = Release|Win32
		{3CE90F42-7119-42FE-9D0E-76977A33A02D}.Release|iPhoneSimulator.ActiveCfg = Release|Win32
		{3CE90F42-7119-42FE-9D0E-76977A33A02D}.Release|x64.ActiveCfg = Release|x64
		{3CE90F42-7119-42FE-9D0E-76977A33A02D}.Release|x64.Build.0 = Release|x64
		{3CE90F42-7119-42FE-9D0E-76977A33A02D}.Release|x86.ActiveCfg = Release|Win32
		{3CE90F42-7119-42FE-9D0E-76977A33A02D}.Release|x86.Build.0 = Release|Win32
		{EF6E0393-65DF-4C6D-AF8C-D4C4F44045D3}.Ad-Hoc|Any CPU.ActiveCfg = Release|x64
		{EF6E0393-65DF-4C6D-AF8C-D4C4F44045D3}.Ad-Hoc|Any CPU.Build.0 = Release|x64
		{EF6E0393-65DF-4C6D-AF8C-D4C4F44045D3}.Ad-Hoc|ARM.ActiveCfg = Release|x64
		{EF6E0393-65DF-4C6D-AF8C-D4C4F44045D3}.Ad-Hoc|ARM.Build.0 = Release|x64
		{EF6E0393-65DF-4C6D-AF8C-D4C4F44045D3}.Ad-Hoc|iPhone.ActiveCfg = Release|x64
		{EF6E0393-65DF-4C6D-AF8C-D4C4F44045D3}.Ad-Hoc|iPhone.Build.0 = Release|x64
		{EF6E0393-65DF-4C6D-AF8C-D4C4F44045D3}.Ad-Hoc|iPhoneSimulator.ActiveCfg = Release|x64
		{EF6E0393-65DF-4C6D-AF8C-D4C4F44045D3}.Ad-Hoc|iPhoneSimulator.Build.0 = Release|x64
		{EF6E0393-65DF-4C6D-AF8C-D4C4F44045D3}.Ad-Hoc|x64.ActiveCfg = Release|x64
		{EF6E0393-65DF-4C6D-AF8C-D4C4F44045D3}.Ad-Hoc|x64.Build.0 = Release|x64
		{EF6E0393-65DF-4C6D-AF8C-D4C4F44045D3}.Ad-Hoc|x86.ActiveCfg = Release|Win32
		{EF6E0393-65DF-4C6D-AF8C-D4C4F44045D3}.Ad-Hoc|x86.Build.0 = Release|Win32
		{EF6E0393-65DF-4C6D-AF8C-D4C4F44045D3}.AppStore|Any CPU.ActiveCfg = Release|x64
		{EF6E0393-65DF-4C6D-AF8C-D4C4F44045D3}.AppStore|Any CPU.Build.0 = Release|x64
		{EF6E0393-65DF-4C6D-AF8C-D4C4F44045D3}.AppStore|ARM.ActiveCfg = Release|x64
		{EF6E0393-65DF-4C6D-AF8C-D4C4F44045D3}.AppStore|ARM.Build.0 = Release|x64
		{EF6E0393-65DF-4C6D-AF8C-D4C4F44045D3}.AppStore|iPhone.ActiveCfg = Release|x64
		{EF6E0393-65DF-4C6D-AF8C-D4C4F44045D3}.AppStore|iPhone.Build.0 = Release|x64
		{EF6E0393-65DF-4C6D-AF8C-D4C4F44045D3}.AppStore|iPhoneSimulator.ActiveCfg = Release|x64
		{EF6E0393-65DF-4C6D-AF8C-D4C4F44045D3}.AppStore|iPhoneSimulator.Build.0 = Release|x64
		{EF6E0393-65DF-4C6D-AF8C-D4C4F44045D3}.AppStore|x64.ActiveCfg = Release|x64
		{EF6E0393-65DF-4C6D-AF8C-D4C4F44045D3}.AppStore|x64.Build.0 = Release|x64
		{EF6E0393-65DF-4C6D-AF8C-D4C4F44045D3}.AppStore|x86.ActiveCfg = Release|Win32
		{EF6E0393-65DF-4C6D-AF8C-D4C4F44045D3}.AppStore|x86.Build.0 = Release|Win32
		{EF6E0393-65DF-4C6D-AF8C-D4C4F44045D3}.Debug|Any CPU.ActiveCfg = Debug|Win32
		{EF6E0393-65DF-4C6D-AF8C-D4C4F44045D3}.Debug|ARM.ActiveCfg = Debug|Win32
		{EF6E0393-65DF-4C6D-AF8C-D4C4F44045D3}.Debug|iPhone.ActiveCfg = Debug|Win32
		{EF6E0393-65DF-4C6D-AF8C-D4C4F44045D3}.Debug|iPhoneSimulator.ActiveCfg = Debug|Win32
		{EF6E0393-65DF-4C6D-AF8C-D4C4F44045D3}.Debug|x64.ActiveCfg = Debug|x64
		{EF6E0393-65DF-4C6D-AF8C-D4C4F44045D3}.Debug|x64.Build.0 = Debug|x64
		{EF6E0393-65DF-4C6D-AF8C-D4C4F44045D3}.Debug|x86.ActiveCfg = Debug|Win32
		{EF6E0393-65DF-4C6D-AF8C-D4C4F44045D3}.Debug|x86.Build.0 = Debug|Win32
		{EF6E0393-65DF-4C6D-AF8C-D4C4F44045D3}.Release|Any CPU.ActiveCfg = Release|Win32
		{EF6E0393-65DF-4C6D-AF8C-D4C4F44045D3}.Release|ARM.ActiveCfg = Release|Win32
		{EF6E0393-65DF-4C6D-AF8C-D4C4F44045D3}.Release|iPhone.ActiveCfg = Release|Win32
		{EF6E0393-65DF-4C6D-AF8C-D4C4F44045D3}.Release|iPhoneSimulator.ActiveCfg = Release|Win32
		{EF6E0393-65DF-4C6D-AF8C-D4C4F44045D3}.Release|x64.ActiveCfg = Release|x64
		{EF6E0393-65DF-4C6D-AF8C-D4C4F44045D3}.Release|x64.Build.0 = Release|x64
		{EF6E0393-65DF-4C6D-AF8C-D4C4F44045D3}.Release|x86.ActiveCfg = Release|Win32
		{EF6E0393-65DF-4C6D-AF8C-D4C4F44045D3}.Release|x86.Build.0 = Release|Win32
		{58AD0123-D93A-439D-B19C-E716E29F7AE1}.Ad-Hoc|Any CPU.ActiveCfg = Release|x64
		{58AD0123-D93A-439D-B19C-E716E29F7AE1}.Ad-Hoc|Any CPU.Build.0 = Release|x64
		{58AD0123-D93A-439D-B19C-E716E29F7AE1}.Ad-Hoc|ARM.ActiveCfg = Release|x64
		{58AD0123-D93A-439D-B19C-E716E29F7AE1}.Ad-Hoc|ARM.Build.0 = Release|x64
		{58AD0123-D93A-439D-B19C-E716E29F7AE1}.Ad-Hoc|iPhone.ActiveCfg = Release|x64
		{58AD0123-D93A-439D-B19C-E716E29F7AE1}.Ad-Hoc|iPhone.Build.0 = Release|x64
		{58AD0123-D93A-439D-B19C-E716E29F7AE1}.Ad-Hoc|iPhoneSimulator.ActiveCfg = Release|x64
		{58AD0123-D93A-439D-B19C-E716E29F7AE1}.Ad-Hoc|iPhoneSimulator.Build.0 = Release|x64
		{58AD0123-D93A-439D-B19C-E716E29F7AE1}.Ad-Hoc|x64.ActiveCfg = Release|x64
		{58AD0123-D93A-439D-B19C-E716E29F7AE1}.Ad-Hoc|x64.Build.0 = Release|x64
		{58AD0123-D93A-439D-B19C-E716E29F7AE1}.Ad-Hoc|x86.ActiveCfg = Release|Win32
		{58AD0123-D93A-439D-B19C-E716E29F7AE1}.Ad-Hoc|x86.Build.0 = Release|Win32
		{58AD0123-D93A-439D-B19C-E716E29F7AE1}.AppStore|Any CPU.ActiveCfg = Release|x64
		{58AD0123-D93A-439D-B19C-E716E29F7AE1}.AppStore|Any CPU.Build.0 = Release|x64
		{58AD0123-D93A-439D-B19C-E716E29F7AE1}.AppStore|ARM.ActiveCfg = Release|x64
		{58AD0123-D93A-439D-B19C-E716E29F7AE1}.AppStore|ARM.Build.0 = Release|x64
		{58AD0123-D93A-439D-B19C-E716E29F7AE1}.AppStore|iPhone.ActiveCfg = Release|x64
		{58AD0123-D93A-439D-B19C-E716E29F7AE1}.AppStore|iPhone.Build.0 = Release|x64
		{58AD0123-D93A-439D-B19C-E716E29F7AE1}.AppStore|iPhoneSimulator.ActiveCfg = Release|x64
		{58AD0123-D93A-439D-B19C-E716E29F7AE1}.AppStore|iPhoneSimulator.Build.0 = Release|x64
		{58AD0123-D93A-439D-B19C-E716E29F7AE1}.AppStore|x64.ActiveCfg = Release|x64
		{58AD0123-D93A-439D-B19C-E716E29F7AE1}.AppStore|x64.Build.0 = Release|x64
		{58AD0123-D93A-439D-B19C-E716E29F7AE1}.AppStore|x86.ActiveCfg = Release|Win32
		{58AD0123-D93A-439D-B19C-E716E29F7AE1}.AppStore|x86.Build.0 = Release|Win32
		{58AD0123-D93A-439D-B19C-E716E29F7AE1}.Debug|Any CPU.ActiveCfg = Debug|Win32
		{58AD0123-D93A-439D-B19C-E716E29F7AE1}.Debug|ARM.ActiveCfg = Debug|Win32
		{58AD0123-D93A-439D-B19C-E716E29F7AE1}.Debug|iPhone.ActiveCfg = Debug|Win32
		{58AD0123-D93A-439D-B19C-E716E29F7AE1}.Debug|iPhoneSimulator.ActiveCfg = Debug|Win32
		{58AD0123-D93A-439D-B19C-E716E29F7AE1}.Debug|x64.ActiveCfg = Debug|x64
		{58AD0123-D93A-439D-B19C-E716E29F7AE1}.Debug|x64.Build.0 = Debug|x64
		{58AD0123-D93A-439D-B19C-E716E29F7AE1}.Debug|x86.ActiveCfg = Debug|Win32
		{58AD0123-D93A-439D-B19C-E716E29F7AE1}.Debug|x86.Build.0 = Debug|Win32
		{58AD0123-D93A-439D-B19C-E716E29F7AE1}.Release|Any CPU.ActiveCfg = Release|Win32
		{58AD0123-D93A-439D-B19C-E716E29F7AE1}.Release|ARM.ActiveCfg = Release|Win32
		{58AD0123-D93A-439D-B19C-E716E29F7AE1}.Release|iPhone.ActiveCfg = Release|Win32
		{58AD0123-D93A-439D-B19C-E716E29F7AE1}.Release|iPhoneSimulator.ActiveCfg = Release|Win32
		{58AD0123-D93A-439D-B19C-E716E29F7AE1}.Release|x64.ActiveCfg = Release|x64
		{58AD0123-D93A-439D-B19C-E716E29F7AE1}.Release|x64.Build.0 = Release|x64
		{58AD0123-D93A-439D-B19C-E716E29F7AE1}.Release|x86.ActiveCfg = Release|Win32
		{58AD0123-D93A-439D-B19C-E716E29F7AE1}.Release|x86.Build.0 = Release|Win32
		{4360915F-0FB0-49B4-9D88-DEE3F2DB6493}.Ad-Hoc|Any CPU.ActiveCfg = Release|x64
		{4360915F-0FB0-49B4-9D88-DEE3F2DB6493}.Ad-Hoc|Any CPU.Build.0 = Release|x64
		{4360915F-0FB0-49B4-9D88-DEE3F2DB6493}.Ad-Hoc|ARM.ActiveCfg = Release|x64
		{4360915F-0FB0-49B4-9D88-DEE3F2DB6493}.Ad-Hoc|ARM.Build.0 = Release|x64
		{4360915F-0FB0-49B4-9D88-DEE3F2DB6493}.Ad-Hoc|iPhone.ActiveCfg = Release|x64
		{4360915F-0FB0-49B4-9D88-DEE3F2DB6493}.Ad-Hoc|iPhone.Build.0 = Release|x64
		{4360915F-0FB0-49B4-9D88-DEE3F2DB6493}.Ad-Hoc|iPhoneSimulator.ActiveCfg = Release|x64
		{4360915F-0FB0-49B4-9D88-DEE3F2DB6493}.Ad-Hoc|iPhoneSimulator.Build.0 = Release|x64
		{4360915F-0FB0-49B4-9D88-DEE3F2DB6493}.Ad-Hoc|x64.ActiveCfg = Release|x64
		{4360915F-0FB0-49B4-9D88-DEE3F2DB6493}.Ad-Hoc|x64.Build.0 = Release|x64
		{4360915F-0FB0-49B4-9D88-DEE3F2DB6493}.Ad-Hoc|x86.ActiveCfg = Release|Win32
		{4360915F-0FB0-49B4-9D88-DEE3F2DB6493}.Ad-Hoc|x86.Build.0 = Release|Win32
		{4360915F-0FB0-49B4-9D88-DEE3F2DB6493}.AppStore|Any CPU.ActiveCfg = Release|x64
		{4360915F-0FB0-49B4-9D88-DEE3F2DB6493}.AppStore|Any CPU.Build.0 = Release|x64
		{4360915F-0FB0-49B4-9D88-DEE3F2DB6493}.AppStore|ARM.ActiveCfg = Release|x64
		{4360915F-0FB0-49B4-9D88-DEE3F2DB6493}.AppStore|ARM.Build.0 = Release|x64
		{4360915F-0FB0-49B4-9D88-DEE3F2DB6493}.AppStore|iPhone.ActiveCfg = Release|x64
		{4360915F-0FB0-49B4-9D88-DEE3F2DB6493}.AppStore|iPhone.Build.0 = Release|x64
		{4360915F-0FB0-49B4-9D88-DEE3F2DB6493}.AppStore|iPhoneSimulator.ActiveCfg = Release|x64
		{4360915F-0FB0-49B4-9D88-DEE3F2DB6493}.AppStore|iPhoneSimulator.Build.0 = Release|x64
		{4360915F-0FB0-49B4-9D88-DEE3F2DB6493}.AppStore|x64.ActiveCfg = Release|x64
		{4360915F-0FB0-49B4-9D88-DEE3F2DB6493}.AppStore|x64.Build.0 = Release|x64
		{4360915F-0FB0-49B4-9D88-DEE3F2DB6493}.AppStore|x86.ActiveCfg = Release|Win32
		{4360915F-0FB0-49B4-9D88-DEE3F2DB6493}.AppStore|x86.Build.0 = Release|Win32
		{4360915F-0FB0-49B4-9D88-DEE3F2DB6493}.Debug|Any CPU.ActiveCfg = Debug|Win32
		{4360915F-0FB0-49B4-9D88-DEE3F2DB6493}.Debug|ARM.ActiveCfg = Debug|Win32
		{4360915F-0FB0-49B4-9D88-DEE3F2DB6493}.Debug|iPhone.ActiveCfg = Debug|Win32
		{4360915F-0FB0-49B4-9D88-DEE3F2DB6493}.Debug|iPhoneSimulator.ActiveCfg = Debug|Win32
		{4360915F-0FB0-49B4-9D88-DEE3F2DB6493}.Debug|x64.ActiveCfg = Debug|x64
		{4360915F-0FB0-49B4-9D88-DEE3F2DB6493}.Debug|x64.Build.0 = Debug|x64
		{4360915F-0FB0-49B4-9D88-DEE3F2DB6493}.Debug|x86.ActiveCfg = Debug|Win32
		{4360915F-0FB0-49B4-9D88-DEE3F2DB6493}.Debug|x86.Build.0 = Debug|Win32
		{4360915F-0FB0-49B4-9D88-DEE3F2DB6493}.Release|Any CPU.ActiveCfg = Release|Win32
		{4360915F-0FB0-49B4-9D88-DEE3F2DB6493}.Release|ARM.ActiveCfg = Release|Win32
		{4360915F-0FB0-49B4-9D88-DEE3F2DB6493}.Release|iPhone.ActiveCfg = Release|Win32
		{4360915F-0FB0-49B4-9D88-DEE3F2DB6493}.Release|iPhoneSimulator.ActiveCfg = Release|Win32
		{4360915F-0FB0-49B4-9D88-DEE3F2DB6493}.Release|x64.ActiveCfg = Release|x64
		{4360915F-0FB0-49B4-9D88-DEE3F2DB6493}.Release|x64.Build.0 = Release|x64
		{4360915F-0FB0-49B4-9D88-DEE3F2DB6493}.Release|x86.ActiveCfg = Release|Win32
		{4360915F-0FB0-49B4-9D88-DEE3F2DB6493}.Release|x86.Build.0 = Release|Win32
		{E7C5A6DD-ED6C-4DCA-96B1-E4C548EE7A43}.Ad-Hoc|Any CPU.ActiveCfg = Ad-Hoc|iPhone
		{E7C5A6DD-ED6C-4DCA-96B1-E4C548EE7A43}.Ad-Hoc|ARM.ActiveCfg = Ad-Hoc|iPhone
		{E7C5A6DD-ED6C-4DCA-96B1-E4C548EE7A43}.Ad-Hoc|iPhone.ActiveCfg = Ad-Hoc|iPhone
		{E7C5A6DD-ED6C-4DCA-96B1-E4C548EE7A43}.Ad-Hoc|iPhone.Build.0 = Ad-Hoc|iPhone
		{E7C5A6DD-ED6C-4DCA-96B1-E4C548EE7A43}.Ad-Hoc|iPhoneSimulator.ActiveCfg = Ad-Hoc|iPhoneSimulator
		{E7C5A6DD-ED6C-4DCA-96B1-E4C548EE7A43}.Ad-Hoc|iPhoneSimulator.Build.0 = Ad-Hoc|iPhoneSimulator
		{E7C5A6DD-ED6C-4DCA-96B1-E4C548EE7A43}.Ad-Hoc|x64.ActiveCfg = Ad-Hoc|iPhone
		{E7C5A6DD-ED6C-4DCA-96B1-E4C548EE7A43}.Ad-Hoc|x86.ActiveCfg = Ad-Hoc|iPhone
		{E7C5A6DD-ED6C-4DCA-96B1-E4C548EE7A43}.AppStore|Any CPU.ActiveCfg = AppStore|iPhone
		{E7C5A6DD-ED6C-4DCA-96B1-E4C548EE7A43}.AppStore|ARM.ActiveCfg = AppStore|iPhone
		{E7C5A6DD-ED6C-4DCA-96B1-E4C548EE7A43}.AppStore|iPhone.ActiveCfg = AppStore|iPhone
		{E7C5A6DD-ED6C-4DCA-96B1-E4C548EE7A43}.AppStore|iPhone.Build.0 = AppStore|iPhone
		{E7C5A6DD-ED6C-4DCA-96B1-E4C548EE7A43}.AppStore|iPhoneSimulator.ActiveCfg = AppStore|iPhoneSimulator
		{E7C5A6DD-ED6C-4DCA-96B1-E4C548EE7A43}.AppStore|iPhoneSimulator.Build.0 = AppStore|iPhoneSimulator
		{E7C5A6DD-ED6C-4DCA-96B1-E4C548EE7A43}.AppStore|x64.ActiveCfg = AppStore|iPhone
		{E7C5A6DD-ED6C-4DCA-96B1-E4C548EE7A43}.AppStore|x86.ActiveCfg = AppStore|iPhone
		{E7C5A6DD-ED6C-4DCA-96B1-E4C548EE7A43}.Debug|Any CPU.ActiveCfg = Debug|iPhone
		{E7C5A6DD-ED6C-4DCA-96B1-E4C548EE7A43}.Debug|ARM.ActiveCfg = Debug|iPhone
		{E7C5A6DD-ED6C-4DCA-96B1-E4C548EE7A43}.Debug|iPhone.ActiveCfg = Debug|iPhone
		{E7C5A6DD-ED6C-4DCA-96B1-E4C548EE7A43}.Debug|iPhone.Build.0 = Debug|iPhone
		{E7C5A6DD-ED6C-4DCA-96B1-E4C548EE7A43}.Debug|iPhoneSimulator.ActiveCfg = Debug|iPhoneSimulator
		{E7C5A6DD-ED6C-4DCA-96B1-E4C548EE7A43}.Debug|iPhoneSimulator.Build.0 = Debug|iPhoneSimulator
		{E7C5A6DD-ED6C-4DCA-96B1-E4C548EE7A43}.Debug|x64.ActiveCfg = Debug|iPhone
		{E7C5A6DD-ED6C-4DCA-96B1-E4C548EE7A43}.Debug|x86.ActiveCfg = Debug|iPhone
		{E7C5A6DD-ED6C-4DCA-96B1-E4C548EE7A43}.Release|Any CPU.ActiveCfg = Release|iPhone
		{E7C5A6DD-ED6C-4DCA-96B1-E4C548EE7A43}.Release|ARM.ActiveCfg = Release|iPhone
		{E7C5A6DD-ED6C-4DCA-96B1-E4C548EE7A43}.Release|iPhone.ActiveCfg = Release|iPhone
		{E7C5A6DD-ED6C-4DCA-96B1-E4C548EE7A43}.Release|iPhone.Build.0 = Release|iPhone
		{E7C5A6DD-ED6C-4DCA-96B1-E4C548EE7A43}.Release|iPhoneSimulator.ActiveCfg = Release|iPhoneSimulator
		{E7C5A6DD-ED6C-4DCA-96B1-E4C548EE7A43}.Release|iPhoneSimulator.Build.0 = Release|iPhoneSimulator
		{E7C5A6DD-ED6C-4DCA-96B1-E4C548EE7A43}.Release|x64.ActiveCfg = Release|iPhone
		{E7C5A6DD-ED6C-4DCA-96B1-E4C548EE7A43}.Release|x86.ActiveCfg = Release|iPhone
		{443E4A42-5A93-4B24-B97F-71FBA4965CFA}.Ad-Hoc|Any CPU.ActiveCfg = Release|Any CPU
		{443E4A42-5A93-4B24-B97F-71FBA4965CFA}.Ad-Hoc|Any CPU.Build.0 = Release|Any CPU
		{443E4A42-5A93-4B24-B97F-71FBA4965CFA}.Ad-Hoc|Any CPU.Deploy.0 = Release|Any CPU
		{443E4A42-5A93-4B24-B97F-71FBA4965CFA}.Ad-Hoc|ARM.ActiveCfg = Release|Any CPU
		{443E4A42-5A93-4B24-B97F-71FBA4965CFA}.Ad-Hoc|ARM.Build.0 = Release|Any CPU
		{443E4A42-5A93-4B24-B97F-71FBA4965CFA}.Ad-Hoc|ARM.Deploy.0 = Release|Any CPU
		{443E4A42-5A93-4B24-B97F-71FBA4965CFA}.Ad-Hoc|iPhone.ActiveCfg = Release|Any CPU
		{443E4A42-5A93-4B24-B97F-71FBA4965CFA}.Ad-Hoc|iPhone.Build.0 = Release|Any CPU
		{443E4A42-5A93-4B24-B97F-71FBA4965CFA}.Ad-Hoc|iPhone.Deploy.0 = Release|Any CPU
		{443E4A42-5A93-4B24-B97F-71FBA4965CFA}.Ad-Hoc|iPhoneSimulator.ActiveCfg = Release|Any CPU
		{443E4A42-5A93-4B24-B97F-71FBA4965CFA}.Ad-Hoc|iPhoneSimulator.Build.0 = Release|Any CPU
		{443E4A42-5A93-4B24-B97F-71FBA4965CFA}.Ad-Hoc|iPhoneSimulator.Deploy.0 = Release|Any CPU
		{443E4A42-5A93-4B24-B97F-71FBA4965CFA}.Ad-Hoc|x64.ActiveCfg = Release|Any CPU
		{443E4A42-5A93-4B24-B97F-71FBA4965CFA}.Ad-Hoc|x64.Build.0 = Release|Any CPU
		{443E4A42-5A93-4B24-B97F-71FBA4965CFA}.Ad-Hoc|x64.Deploy.0 = Release|Any CPU
		{443E4A42-5A93-4B24-B97F-71FBA4965CFA}.Ad-Hoc|x86.ActiveCfg = Release|Any CPU
		{443E4A42-5A93-4B24-B97F-71FBA4965CFA}.Ad-Hoc|x86.Build.0 = Release|Any CPU
		{443E4A42-5A93-4B24-B97F-71FBA4965CFA}.Ad-Hoc|x86.Deploy.0 = Release|Any CPU
		{443E4A42-5A93-4B24-B97F-71FBA4965CFA}.AppStore|Any CPU.ActiveCfg = Release|Any CPU
		{443E4A42-5A93-4B24-B97F-71FBA4965CFA}.AppStore|Any CPU.Build.0 = Release|Any CPU
		{443E4A42-5A93-4B24-B97F-71FBA4965CFA}.AppStore|Any CPU.Deploy.0 = Release|Any CPU
		{443E4A42-5A93-4B24-B97F-71FBA4965CFA}.AppStore|ARM.ActiveCfg = Release|Any CPU
		{443E4A42-5A93-4B24-B97F-71FBA4965CFA}.AppStore|ARM.Build.0 = Release|Any CPU
		{443E4A42-5A93-4B24-B97F-71FBA4965CFA}.AppStore|ARM.Deploy.0 = Release|Any CPU
		{443E4A42-5A93-4B24-B97F-71FBA4965CFA}.AppStore|iPhone.ActiveCfg = Release|Any CPU
		{443E4A42-5A93-4B24-B97F-71FBA4965CFA}.AppStore|iPhone.Build.0 = Release|Any CPU
		{443E4A42-5A93-4B24-B97F-71FBA4965CFA}.AppStore|iPhone.Deploy.0 = Release|Any CPU
		{443E4A42-5A93-4B24-B97F-71FBA4965CFA}.AppStore|iPhoneSimulator.ActiveCfg = Release|Any CPU
		{443E4A42-5A93-4B24-B97F-71FBA4965CFA}.AppStore|iPhoneSimulator.Build.0 = Release|Any CPU
		{443E4A42-5A93-4B24-B97F-71FBA4965CFA}.AppStore|iPhoneSimulator.Deploy.0 = Release|Any CPU
		{443E4A42-5A93-4B24-B97F-71FBA4965CFA}.AppStore|x64.ActiveCfg = Release|Any CPU
		{443E4A42-5A93-4B24-B97F-71FBA4965CFA}.AppStore|x64.Build.0 = Release|Any CPU
		{443E4A42-5A93-4B24-B97F-71FBA4965CFA}.AppStore|x64.Deploy.0 = Release|Any CPU
		{443E4A42-5A93-4B24-B97F-71FBA4965CFA}.AppStore|x86.ActiveCfg = Release|Any CPU
		{443E4A42-5A93-4B24-B97F-71FBA4965CFA}.AppStore|x86.Build.0 = Release|Any CPU
		{443E4A42-5A93-4B24-B97F-71FBA4965CFA}.AppStore|x86.Deploy.0 = Release|Any CPU
		{443E4A42-5A93-4B24-B97F-71FBA4965CFA}.Debug|Any CPU.ActiveCfg = Debug|Any CPU
		{443E4A42-5A93-4B24-B97F-71FBA4965CFA}.Debug|Any CPU.Build.0 = Debug|Any CPU
		{443E4A42-5A93-4B24-B97F-71FBA4965CFA}.Debug|Any CPU.Deploy.0 = Debug|Any CPU
		{443E4A42-5A93-4B24-B97F-71FBA4965CFA}.Debug|ARM.ActiveCfg = Debug|Any CPU
		{443E4A42-5A93-4B24-B97F-71FBA4965CFA}.Debug|ARM.Build.0 = Debug|Any CPU
		{443E4A42-5A93-4B24-B97F-71FBA4965CFA}.Debug|ARM.Deploy.0 = Debug|Any CPU
		{443E4A42-5A93-4B24-B97F-71FBA4965CFA}.Debug|iPhone.ActiveCfg = Debug|Any CPU
		{443E4A42-5A93-4B24-B97F-71FBA4965CFA}.Debug|iPhone.Build.0 = Debug|Any CPU
		{443E4A42-5A93-4B24-B97F-71FBA4965CFA}.Debug|iPhone.Deploy.0 = Debug|Any CPU
		{443E4A42-5A93-4B24-B97F-71FBA4965CFA}.Debug|iPhoneSimulator.ActiveCfg = Debug|Any CPU
		{443E4A42-5A93-4B24-B97F-71FBA4965CFA}.Debug|iPhoneSimulator.Build.0 = Debug|Any CPU
		{443E4A42-5A93-4B24-B97F-71FBA4965CFA}.Debug|iPhoneSimulator.Deploy.0 = Debug|Any CPU
		{443E4A42-5A93-4B24-B97F-71FBA4965CFA}.Debug|x64.ActiveCfg = Debug|Any CPU
		{443E4A42-5A93-4B24-B97F-71FBA4965CFA}.Debug|x64.Build.0 = Debug|Any CPU
		{443E4A42-5A93-4B24-B97F-71FBA4965CFA}.Debug|x64.Deploy.0 = Debug|Any CPU
		{443E4A42-5A93-4B24-B97F-71FBA4965CFA}.Debug|x86.ActiveCfg = Debug|Any CPU
		{443E4A42-5A93-4B24-B97F-71FBA4965CFA}.Debug|x86.Build.0 = Debug|Any CPU
		{443E4A42-5A93-4B24-B97F-71FBA4965CFA}.Debug|x86.Deploy.0 = Debug|Any CPU
		{443E4A42-5A93-4B24-B97F-71FBA4965CFA}.Release|Any CPU.ActiveCfg = Release|Any CPU
		{443E4A42-5A93-4B24-B97F-71FBA4965CFA}.Release|Any CPU.Build.0 = Release|Any CPU
		{443E4A42-5A93-4B24-B97F-71FBA4965CFA}.Release|Any CPU.Deploy.0 = Release|Any CPU
		{443E4A42-5A93-4B24-B97F-71FBA4965CFA}.Release|ARM.ActiveCfg = Release|Any CPU
		{443E4A42-5A93-4B24-B97F-71FBA4965CFA}.Release|ARM.Build.0 = Release|Any CPU
		{443E4A42-5A93-4B24-B97F-71FBA4965CFA}.Release|ARM.Deploy.0 = Release|Any CPU
		{443E4A42-5A93-4B24-B97F-71FBA4965CFA}.Release|iPhone.ActiveCfg = Release|Any CPU
		{443E4A42-5A93-4B24-B97F-71FBA4965CFA}.Release|iPhone.Build.0 = Release|Any CPU
		{443E4A42-5A93-4B24-B97F-71FBA4965CFA}.Release|iPhone.Deploy.0 = Release|Any CPU
		{443E4A42-5A93-4B24-B97F-71FBA4965CFA}.Release|iPhoneSimulator.ActiveCfg = Release|Any CPU
		{443E4A42-5A93-4B24-B97F-71FBA4965CFA}.Release|iPhoneSimulator.Build.0 = Release|Any CPU
		{443E4A42-5A93-4B24-B97F-71FBA4965CFA}.Release|iPhoneSimulator.Deploy.0 = Release|Any CPU
		{443E4A42-5A93-4B24-B97F-71FBA4965CFA}.Release|x64.ActiveCfg = Release|Any CPU
		{443E4A42-5A93-4B24-B97F-71FBA4965CFA}.Release|x64.Build.0 = Release|Any CPU
		{443E4A42-5A93-4B24-B97F-71FBA4965CFA}.Release|x64.Deploy.0 = Release|Any CPU
		{443E4A42-5A93-4B24-B97F-71FBA4965CFA}.Release|x86.ActiveCfg = Release|Any CPU
		{443E4A42-5A93-4B24-B97F-71FBA4965CFA}.Release|x86.Build.0 = Release|Any CPU
		{443E4A42-5A93-4B24-B97F-71FBA4965CFA}.Release|x86.Deploy.0 = Release|Any CPU
		{8E1D1C50-E95B-49B4-B8DE-3758995F80BE}.Ad-Hoc|Any CPU.ActiveCfg = Release|Any CPU
		{8E1D1C50-E95B-49B4-B8DE-3758995F80BE}.Ad-Hoc|Any CPU.Build.0 = Release|Any CPU
		{8E1D1C50-E95B-49B4-B8DE-3758995F80BE}.Ad-Hoc|Any CPU.Deploy.0 = Release|Any CPU
		{8E1D1C50-E95B-49B4-B8DE-3758995F80BE}.Ad-Hoc|ARM.ActiveCfg = Release|ARM
		{8E1D1C50-E95B-49B4-B8DE-3758995F80BE}.Ad-Hoc|ARM.Build.0 = Release|ARM
		{8E1D1C50-E95B-49B4-B8DE-3758995F80BE}.Ad-Hoc|ARM.Deploy.0 = Release|ARM
		{8E1D1C50-E95B-49B4-B8DE-3758995F80BE}.Ad-Hoc|iPhone.ActiveCfg = Release|Any CPU
		{8E1D1C50-E95B-49B4-B8DE-3758995F80BE}.Ad-Hoc|iPhone.Build.0 = Release|Any CPU
		{8E1D1C50-E95B-49B4-B8DE-3758995F80BE}.Ad-Hoc|iPhone.Deploy.0 = Release|Any CPU
		{8E1D1C50-E95B-49B4-B8DE-3758995F80BE}.Ad-Hoc|iPhoneSimulator.ActiveCfg = Release|Any CPU
		{8E1D1C50-E95B-49B4-B8DE-3758995F80BE}.Ad-Hoc|iPhoneSimulator.Build.0 = Release|Any CPU
		{8E1D1C50-E95B-49B4-B8DE-3758995F80BE}.Ad-Hoc|iPhoneSimulator.Deploy.0 = Release|Any CPU
		{8E1D1C50-E95B-49B4-B8DE-3758995F80BE}.Ad-Hoc|x64.ActiveCfg = Release|Any CPU
		{8E1D1C50-E95B-49B4-B8DE-3758995F80BE}.Ad-Hoc|x64.Build.0 = Release|Any CPU
		{8E1D1C50-E95B-49B4-B8DE-3758995F80BE}.Ad-Hoc|x64.Deploy.0 = Release|Any CPU
		{8E1D1C50-E95B-49B4-B8DE-3758995F80BE}.Ad-Hoc|x86.ActiveCfg = Release|x86
		{8E1D1C50-E95B-49B4-B8DE-3758995F80BE}.Ad-Hoc|x86.Build.0 = Release|x86
		{8E1D1C50-E95B-49B4-B8DE-3758995F80BE}.Ad-Hoc|x86.Deploy.0 = Release|x86
		{8E1D1C50-E95B-49B4-B8DE-3758995F80BE}.AppStore|Any CPU.ActiveCfg = Release|Any CPU
		{8E1D1C50-E95B-49B4-B8DE-3758995F80BE}.AppStore|Any CPU.Build.0 = Release|Any CPU
		{8E1D1C50-E95B-49B4-B8DE-3758995F80BE}.AppStore|Any CPU.Deploy.0 = Release|Any CPU
		{8E1D1C50-E95B-49B4-B8DE-3758995F80BE}.AppStore|ARM.ActiveCfg = Release|ARM
		{8E1D1C50-E95B-49B4-B8DE-3758995F80BE}.AppStore|ARM.Build.0 = Release|ARM
		{8E1D1C50-E95B-49B4-B8DE-3758995F80BE}.AppStore|ARM.Deploy.0 = Release|ARM
		{8E1D1C50-E95B-49B4-B8DE-3758995F80BE}.AppStore|iPhone.ActiveCfg = Release|Any CPU
		{8E1D1C50-E95B-49B4-B8DE-3758995F80BE}.AppStore|iPhone.Build.0 = Release|Any CPU
		{8E1D1C50-E95B-49B4-B8DE-3758995F80BE}.AppStore|iPhone.Deploy.0 = Release|Any CPU
		{8E1D1C50-E95B-49B4-B8DE-3758995F80BE}.AppStore|iPhoneSimulator.ActiveCfg = Release|Any CPU
		{8E1D1C50-E95B-49B4-B8DE-3758995F80BE}.AppStore|iPhoneSimulator.Build.0 = Release|Any CPU
		{8E1D1C50-E95B-49B4-B8DE-3758995F80BE}.AppStore|iPhoneSimulator.Deploy.0 = Release|Any CPU
		{8E1D1C50-E95B-49B4-B8DE-3758995F80BE}.AppStore|x64.ActiveCfg = Release|Any CPU
		{8E1D1C50-E95B-49B4-B8DE-3758995F80BE}.AppStore|x64.Build.0 = Release|Any CPU
		{8E1D1C50-E95B-49B4-B8DE-3758995F80BE}.AppStore|x64.Deploy.0 = Release|Any CPU
		{8E1D1C50-E95B-49B4-B8DE-3758995F80BE}.AppStore|x86.ActiveCfg = Release|x86
		{8E1D1C50-E95B-49B4-B8DE-3758995F80BE}.AppStore|x86.Build.0 = Release|x86
		{8E1D1C50-E95B-49B4-B8DE-3758995F80BE}.AppStore|x86.Deploy.0 = Release|x86
		{8E1D1C50-E95B-49B4-B8DE-3758995F80BE}.Debug|Any CPU.ActiveCfg = Debug|Any CPU
		{8E1D1C50-E95B-49B4-B8DE-3758995F80BE}.Debug|Any CPU.Build.0 = Debug|Any CPU
		{8E1D1C50-E95B-49B4-B8DE-3758995F80BE}.Debug|Any CPU.Deploy.0 = Debug|Any CPU
		{8E1D1C50-E95B-49B4-B8DE-3758995F80BE}.Debug|ARM.ActiveCfg = Debug|ARM
		{8E1D1C50-E95B-49B4-B8DE-3758995F80BE}.Debug|ARM.Build.0 = Debug|ARM
		{8E1D1C50-E95B-49B4-B8DE-3758995F80BE}.Debug|ARM.Deploy.0 = Debug|ARM
		{8E1D1C50-E95B-49B4-B8DE-3758995F80BE}.Debug|iPhone.ActiveCfg = Debug|Any CPU
		{8E1D1C50-E95B-49B4-B8DE-3758995F80BE}.Debug|iPhone.Build.0 = Debug|Any CPU
		{8E1D1C50-E95B-49B4-B8DE-3758995F80BE}.Debug|iPhone.Deploy.0 = Debug|Any CPU
		{8E1D1C50-E95B-49B4-B8DE-3758995F80BE}.Debug|iPhoneSimulator.ActiveCfg = Debug|Any CPU
		{8E1D1C50-E95B-49B4-B8DE-3758995F80BE}.Debug|iPhoneSimulator.Build.0 = Debug|Any CPU
		{8E1D1C50-E95B-49B4-B8DE-3758995F80BE}.Debug|iPhoneSimulator.Deploy.0 = Debug|Any CPU
		{8E1D1C50-E95B-49B4-B8DE-3758995F80BE}.Debug|x64.ActiveCfg = Debug|Any CPU
		{8E1D1C50-E95B-49B4-B8DE-3758995F80BE}.Debug|x64.Build.0 = Debug|Any CPU
		{8E1D1C50-E95B-49B4-B8DE-3758995F80BE}.Debug|x64.Deploy.0 = Debug|Any CPU
		{8E1D1C50-E95B-49B4-B8DE-3758995F80BE}.Debug|x86.ActiveCfg = Debug|x86
		{8E1D1C50-E95B-49B4-B8DE-3758995F80BE}.Debug|x86.Build.0 = Debug|x86
		{8E1D1C50-E95B-49B4-B8DE-3758995F80BE}.Debug|x86.Deploy.0 = Debug|x86
		{8E1D1C50-E95B-49B4-B8DE-3758995F80BE}.Release|Any CPU.ActiveCfg = Release|Any CPU
		{8E1D1C50-E95B-49B4-B8DE-3758995F80BE}.Release|Any CPU.Build.0 = Release|Any CPU
		{8E1D1C50-E95B-49B4-B8DE-3758995F80BE}.Release|Any CPU.Deploy.0 = Release|Any CPU
		{8E1D1C50-E95B-49B4-B8DE-3758995F80BE}.Release|ARM.ActiveCfg = Release|ARM
		{8E1D1C50-E95B-49B4-B8DE-3758995F80BE}.Release|ARM.Build.0 = Release|ARM
		{8E1D1C50-E95B-49B4-B8DE-3758995F80BE}.Release|ARM.Deploy.0 = Release|ARM
		{8E1D1C50-E95B-49B4-B8DE-3758995F80BE}.Release|iPhone.ActiveCfg = Release|Any CPU
		{8E1D1C50-E95B-49B4-B8DE-3758995F80BE}.Release|iPhone.Build.0 = Release|Any CPU
		{8E1D1C50-E95B-49B4-B8DE-3758995F80BE}.Release|iPhone.Deploy.0 = Release|Any CPU
		{8E1D1C50-E95B-49B4-B8DE-3758995F80BE}.Release|iPhoneSimulator.ActiveCfg = Release|Any CPU
		{8E1D1C50-E95B-49B4-B8DE-3758995F80BE}.Release|iPhoneSimulator.Build.0 = Release|Any CPU
		{8E1D1C50-E95B-49B4-B8DE-3758995F80BE}.Release|iPhoneSimulator.Deploy.0 = Release|Any CPU
		{8E1D1C50-E95B-49B4-B8DE-3758995F80BE}.Release|x64.ActiveCfg = Release|Any CPU
		{8E1D1C50-E95B-49B4-B8DE-3758995F80BE}.Release|x64.Build.0 = Release|Any CPU
		{8E1D1C50-E95B-49B4-B8DE-3758995F80BE}.Release|x64.Deploy.0 = Release|Any CPU
		{8E1D1C50-E95B-49B4-B8DE-3758995F80BE}.Release|x86.ActiveCfg = Release|x86
		{8E1D1C50-E95B-49B4-B8DE-3758995F80BE}.Release|x86.Build.0 = Release|x86
		{8E1D1C50-E95B-49B4-B8DE-3758995F80BE}.Release|x86.Deploy.0 = Release|x86
		{8E63CA4A-544E-4E9C-8CA0-26D80D993237}.Ad-Hoc|Any CPU.ActiveCfg = Release|Any CPU
		{8E63CA4A-544E-4E9C-8CA0-26D80D993237}.Ad-Hoc|Any CPU.Build.0 = Release|Any CPU
		{8E63CA4A-544E-4E9C-8CA0-26D80D993237}.Ad-Hoc|ARM.ActiveCfg = Release|Any CPU
		{8E63CA4A-544E-4E9C-8CA0-26D80D993237}.Ad-Hoc|ARM.Build.0 = Release|Any CPU
		{8E63CA4A-544E-4E9C-8CA0-26D80D993237}.Ad-Hoc|iPhone.ActiveCfg = Release|Any CPU
		{8E63CA4A-544E-4E9C-8CA0-26D80D993237}.Ad-Hoc|iPhone.Build.0 = Release|Any CPU
		{8E63CA4A-544E-4E9C-8CA0-26D80D993237}.Ad-Hoc|iPhoneSimulator.ActiveCfg = Release|Any CPU
		{8E63CA4A-544E-4E9C-8CA0-26D80D993237}.Ad-Hoc|iPhoneSimulator.Build.0 = Release|Any CPU
		{8E63CA4A-544E-4E9C-8CA0-26D80D993237}.Ad-Hoc|x64.ActiveCfg = Release|Any CPU
		{8E63CA4A-544E-4E9C-8CA0-26D80D993237}.Ad-Hoc|x64.Build.0 = Release|Any CPU
		{8E63CA4A-544E-4E9C-8CA0-26D80D993237}.Ad-Hoc|x86.ActiveCfg = Release|Any CPU
		{8E63CA4A-544E-4E9C-8CA0-26D80D993237}.Ad-Hoc|x86.Build.0 = Release|Any CPU
		{8E63CA4A-544E-4E9C-8CA0-26D80D993237}.AppStore|Any CPU.ActiveCfg = Release|Any CPU
		{8E63CA4A-544E-4E9C-8CA0-26D80D993237}.AppStore|Any CPU.Build.0 = Release|Any CPU
		{8E63CA4A-544E-4E9C-8CA0-26D80D993237}.AppStore|ARM.ActiveCfg = Release|Any CPU
		{8E63CA4A-544E-4E9C-8CA0-26D80D993237}.AppStore|ARM.Build.0 = Release|Any CPU
		{8E63CA4A-544E-4E9C-8CA0-26D80D993237}.AppStore|iPhone.ActiveCfg = Release|Any CPU
		{8E63CA4A-544E-4E9C-8CA0-26D80D993237}.AppStore|iPhone.Build.0 = Release|Any CPU
		{8E63CA4A-544E-4E9C-8CA0-26D80D993237}.AppStore|iPhoneSimulator.ActiveCfg = Release|Any CPU
		{8E63CA4A-544E-4E9C-8CA0-26D80D993237}.AppStore|iPhoneSimulator.Build.0 = Release|Any CPU
		{8E63CA4A-544E-4E9C-8CA0-26D80D993237}.AppStore|x64.ActiveCfg = Release|Any CPU
		{8E63CA4A-544E-4E9C-8CA0-26D80D993237}.AppStore|x64.Build.0 = Release|Any CPU
		{8E63CA4A-544E-4E9C-8CA0-26D80D993237}.AppStore|x86.ActiveCfg = Release|Any CPU
		{8E63CA4A-544E-4E9C-8CA0-26D80D993237}.AppStore|x86.Build.0 = Release|Any CPU
		{8E63CA4A-544E-4E9C-8CA0-26D80D993237}.Debug|Any CPU.ActiveCfg = Debug|Any CPU
		{8E63CA4A-544E-4E9C-8CA0-26D80D993237}.Debug|Any CPU.Build.0 = Debug|Any CPU
		{8E63CA4A-544E-4E9C-8CA0-26D80D993237}.Debug|ARM.ActiveCfg = Debug|Any CPU
		{8E63CA4A-544E-4E9C-8CA0-26D80D993237}.Debug|ARM.Build.0 = Debug|Any CPU
		{8E63CA4A-544E-4E9C-8CA0-26D80D993237}.Debug|iPhone.ActiveCfg = Debug|Any CPU
		{8E63CA4A-544E-4E9C-8CA0-26D80D993237}.Debug|iPhone.Build.0 = Debug|Any CPU
		{8E63CA4A-544E-4E9C-8CA0-26D80D993237}.Debug|iPhoneSimulator.ActiveCfg = Debug|Any CPU
		{8E63CA4A-544E-4E9C-8CA0-26D80D993237}.Debug|iPhoneSimulator.Build.0 = Debug|Any CPU
		{8E63CA4A-544E-4E9C-8CA0-26D80D993237}.Debug|x64.ActiveCfg = Debug|Any CPU
		{8E63CA4A-544E-4E9C-8CA0-26D80D993237}.Debug|x64.Build.0 = Debug|Any CPU
		{8E63CA4A-544E-4E9C-8CA0-26D80D993237}.Debug|x86.ActiveCfg = Debug|Any CPU
		{8E63CA4A-544E-4E9C-8CA0-26D80D993237}.Debug|x86.Build.0 = Debug|Any CPU
		{8E63CA4A-544E-4E9C-8CA0-26D80D993237}.Release|Any CPU.ActiveCfg = Release|Any CPU
		{8E63CA4A-544E-4E9C-8CA0-26D80D993237}.Release|Any CPU.Build.0 = Release|Any CPU
		{8E63CA4A-544E-4E9C-8CA0-26D80D993237}.Release|ARM.ActiveCfg = Release|Any CPU
		{8E63CA4A-544E-4E9C-8CA0-26D80D993237}.Release|ARM.Build.0 = Release|Any CPU
		{8E63CA4A-544E-4E9C-8CA0-26D80D993237}.Release|iPhone.ActiveCfg = Release|Any CPU
		{8E63CA4A-544E-4E9C-8CA0-26D80D993237}.Release|iPhone.Build.0 = Release|Any CPU
		{8E63CA4A-544E-4E9C-8CA0-26D80D993237}.Release|iPhoneSimulator.ActiveCfg = Release|Any CPU
		{8E63CA4A-544E-4E9C-8CA0-26D80D993237}.Release|iPhoneSimulator.Build.0 = Release|Any CPU
		{8E63CA4A-544E-4E9C-8CA0-26D80D993237}.Release|x64.ActiveCfg = Release|Any CPU
		{8E63CA4A-544E-4E9C-8CA0-26D80D993237}.Release|x64.Build.0 = Release|Any CPU
		{8E63CA4A-544E-4E9C-8CA0-26D80D993237}.Release|x86.ActiveCfg = Release|Any CPU
		{8E63CA4A-544E-4E9C-8CA0-26D80D993237}.Release|x86.Build.0 = Release|Any CPU
		{3378E516-C6BA-400B-BF0C-103322AEF7D4}.Ad-Hoc|Any CPU.ActiveCfg = Release|Any CPU
		{3378E516-C6BA-400B-BF0C-103322AEF7D4}.Ad-Hoc|Any CPU.Build.0 = Release|Any CPU
		{3378E516-C6BA-400B-BF0C-103322AEF7D4}.Ad-Hoc|ARM.ActiveCfg = Release|Any CPU
		{3378E516-C6BA-400B-BF0C-103322AEF7D4}.Ad-Hoc|ARM.Build.0 = Release|Any CPU
		{3378E516-C6BA-400B-BF0C-103322AEF7D4}.Ad-Hoc|iPhone.ActiveCfg = Release|Any CPU
		{3378E516-C6BA-400B-BF0C-103322AEF7D4}.Ad-Hoc|iPhone.Build.0 = Release|Any CPU
		{3378E516-C6BA-400B-BF0C-103322AEF7D4}.Ad-Hoc|iPhoneSimulator.ActiveCfg = Release|Any CPU
		{3378E516-C6BA-400B-BF0C-103322AEF7D4}.Ad-Hoc|iPhoneSimulator.Build.0 = Release|Any CPU
		{3378E516-C6BA-400B-BF0C-103322AEF7D4}.Ad-Hoc|x64.ActiveCfg = Release|Any CPU
		{3378E516-C6BA-400B-BF0C-103322AEF7D4}.Ad-Hoc|x64.Build.0 = Release|Any CPU
		{3378E516-C6BA-400B-BF0C-103322AEF7D4}.Ad-Hoc|x86.ActiveCfg = Release|Any CPU
		{3378E516-C6BA-400B-BF0C-103322AEF7D4}.Ad-Hoc|x86.Build.0 = Release|Any CPU
		{3378E516-C6BA-400B-BF0C-103322AEF7D4}.AppStore|Any CPU.ActiveCfg = Release|Any CPU
		{3378E516-C6BA-400B-BF0C-103322AEF7D4}.AppStore|Any CPU.Build.0 = Release|Any CPU
		{3378E516-C6BA-400B-BF0C-103322AEF7D4}.AppStore|ARM.ActiveCfg = Release|Any CPU
		{3378E516-C6BA-400B-BF0C-103322AEF7D4}.AppStore|ARM.Build.0 = Release|Any CPU
		{3378E516-C6BA-400B-BF0C-103322AEF7D4}.AppStore|iPhone.ActiveCfg = Release|Any CPU
		{3378E516-C6BA-400B-BF0C-103322AEF7D4}.AppStore|iPhone.Build.0 = Release|Any CPU
		{3378E516-C6BA-400B-BF0C-103322AEF7D4}.AppStore|iPhoneSimulator.ActiveCfg = Release|Any CPU
		{3378E516-C6BA-400B-BF0C-103322AEF7D4}.AppStore|iPhoneSimulator.Build.0 = Release|Any CPU
		{3378E516-C6BA-400B-BF0C-103322AEF7D4}.AppStore|x64.ActiveCfg = Release|Any CPU
		{3378E516-C6BA-400B-BF0C-103322AEF7D4}.AppStore|x64.Build.0 = Release|Any CPU
		{3378E516-C6BA-400B-BF0C-103322AEF7D4}.AppStore|x86.ActiveCfg = Release|Any CPU
		{3378E516-C6BA-400B-BF0C-103322AEF7D4}.AppStore|x86.Build.0 = Release|Any CPU
		{3378E516-C6BA-400B-BF0C-103322AEF7D4}.Debug|Any CPU.ActiveCfg = Debug|Any CPU
		{3378E516-C6BA-400B-BF0C-103322AEF7D4}.Debug|Any CPU.Build.0 = Debug|Any CPU
		{3378E516-C6BA-400B-BF0C-103322AEF7D4}.Debug|ARM.ActiveCfg = Debug|Any CPU
		{3378E516-C6BA-400B-BF0C-103322AEF7D4}.Debug|ARM.Build.0 = Debug|Any CPU
		{3378E516-C6BA-400B-BF0C-103322AEF7D4}.Debug|iPhone.ActiveCfg = Debug|Any CPU
		{3378E516-C6BA-400B-BF0C-103322AEF7D4}.Debug|iPhone.Build.0 = Debug|Any CPU
		{3378E516-C6BA-400B-BF0C-103322AEF7D4}.Debug|iPhoneSimulator.ActiveCfg = Debug|Any CPU
		{3378E516-C6BA-400B-BF0C-103322AEF7D4}.Debug|iPhoneSimulator.Build.0 = Debug|Any CPU
		{3378E516-C6BA-400B-BF0C-103322AEF7D4}.Debug|x64.ActiveCfg = Debug|Any CPU
		{3378E516-C6BA-400B-BF0C-103322AEF7D4}.Debug|x64.Build.0 = Debug|Any CPU
		{3378E516-C6BA-400B-BF0C-103322AEF7D4}.Debug|x86.ActiveCfg = Debug|Any CPU
		{3378E516-C6BA-400B-BF0C-103322AEF7D4}.Debug|x86.Build.0 = Debug|Any CPU
		{3378E516-C6BA-400B-BF0C-103322AEF7D4}.Release|Any CPU.ActiveCfg = Release|Any CPU
		{3378E516-C6BA-400B-BF0C-103322AEF7D4}.Release|Any CPU.Build.0 = Release|Any CPU
		{3378E516-C6BA-400B-BF0C-103322AEF7D4}.Release|ARM.ActiveCfg = Release|Any CPU
		{3378E516-C6BA-400B-BF0C-103322AEF7D4}.Release|ARM.Build.0 = Release|Any CPU
		{3378E516-C6BA-400B-BF0C-103322AEF7D4}.Release|iPhone.ActiveCfg = Release|Any CPU
		{3378E516-C6BA-400B-BF0C-103322AEF7D4}.Release|iPhone.Build.0 = Release|Any CPU
		{3378E516-C6BA-400B-BF0C-103322AEF7D4}.Release|iPhoneSimulator.ActiveCfg = Release|Any CPU
		{3378E516-C6BA-400B-BF0C-103322AEF7D4}.Release|iPhoneSimulator.Build.0 = Release|Any CPU
		{3378E516-C6BA-400B-BF0C-103322AEF7D4}.Release|x64.ActiveCfg = Release|Any CPU
		{3378E516-C6BA-400B-BF0C-103322AEF7D4}.Release|x64.Build.0 = Release|Any CPU
		{3378E516-C6BA-400B-BF0C-103322AEF7D4}.Release|x86.ActiveCfg = Release|Any CPU
		{3378E516-C6BA-400B-BF0C-103322AEF7D4}.Release|x86.Build.0 = Release|Any CPU
		{E92CDF12-E179-42B2-B33A-17A86D9B0313}.Ad-Hoc|Any CPU.ActiveCfg = Release|Any CPU
		{E92CDF12-E179-42B2-B33A-17A86D9B0313}.Ad-Hoc|Any CPU.Build.0 = Release|Any CPU
		{E92CDF12-E179-42B2-B33A-17A86D9B0313}.Ad-Hoc|ARM.ActiveCfg = Release|Any CPU
		{E92CDF12-E179-42B2-B33A-17A86D9B0313}.Ad-Hoc|ARM.Build.0 = Release|Any CPU
		{E92CDF12-E179-42B2-B33A-17A86D9B0313}.Ad-Hoc|iPhone.ActiveCfg = Release|Any CPU
		{E92CDF12-E179-42B2-B33A-17A86D9B0313}.Ad-Hoc|iPhone.Build.0 = Release|Any CPU
		{E92CDF12-E179-42B2-B33A-17A86D9B0313}.Ad-Hoc|iPhoneSimulator.ActiveCfg = Release|Any CPU
		{E92CDF12-E179-42B2-B33A-17A86D9B0313}.Ad-Hoc|iPhoneSimulator.Build.0 = Release|Any CPU
		{E92CDF12-E179-42B2-B33A-17A86D9B0313}.Ad-Hoc|x64.ActiveCfg = Release|Any CPU
		{E92CDF12-E179-42B2-B33A-17A86D9B0313}.Ad-Hoc|x64.Build.0 = Release|Any CPU
		{E92CDF12-E179-42B2-B33A-17A86D9B0313}.Ad-Hoc|x86.ActiveCfg = Release|Any CPU
		{E92CDF12-E179-42B2-B33A-17A86D9B0313}.Ad-Hoc|x86.Build.0 = Release|Any CPU
		{E92CDF12-E179-42B2-B33A-17A86D9B0313}.AppStore|Any CPU.ActiveCfg = Release|Any CPU
		{E92CDF12-E179-42B2-B33A-17A86D9B0313}.AppStore|Any CPU.Build.0 = Release|Any CPU
		{E92CDF12-E179-42B2-B33A-17A86D9B0313}.AppStore|ARM.ActiveCfg = Release|Any CPU
		{E92CDF12-E179-42B2-B33A-17A86D9B0313}.AppStore|ARM.Build.0 = Release|Any CPU
		{E92CDF12-E179-42B2-B33A-17A86D9B0313}.AppStore|iPhone.ActiveCfg = Release|Any CPU
		{E92CDF12-E179-42B2-B33A-17A86D9B0313}.AppStore|iPhone.Build.0 = Release|Any CPU
		{E92CDF12-E179-42B2-B33A-17A86D9B0313}.AppStore|iPhoneSimulator.ActiveCfg = Release|Any CPU
		{E92CDF12-E179-42B2-B33A-17A86D9B0313}.AppStore|iPhoneSimulator.Build.0 = Release|Any CPU
		{E92CDF12-E179-42B2-B33A-17A86D9B0313}.AppStore|x64.ActiveCfg = Release|Any CPU
		{E92CDF12-E179-42B2-B33A-17A86D9B0313}.AppStore|x64.Build.0 = Release|Any CPU
		{E92CDF12-E179-42B2-B33A-17A86D9B0313}.AppStore|x86.ActiveCfg = Release|Any CPU
		{E92CDF12-E179-42B2-B33A-17A86D9B0313}.AppStore|x86.Build.0 = Release|Any CPU
		{E92CDF12-E179-42B2-B33A-17A86D9B0313}.Debug|Any CPU.ActiveCfg = Debug|Any CPU
		{E92CDF12-E179-42B2-B33A-17A86D9B0313}.Debug|Any CPU.Build.0 = Debug|Any CPU
		{E92CDF12-E179-42B2-B33A-17A86D9B0313}.Debug|ARM.ActiveCfg = Debug|Any CPU
		{E92CDF12-E179-42B2-B33A-17A86D9B0313}.Debug|ARM.Build.0 = Debug|Any CPU
		{E92CDF12-E179-42B2-B33A-17A86D9B0313}.Debug|iPhone.ActiveCfg = Debug|Any CPU
		{E92CDF12-E179-42B2-B33A-17A86D9B0313}.Debug|iPhone.Build.0 = Debug|Any CPU
		{E92CDF12-E179-42B2-B33A-17A86D9B0313}.Debug|iPhoneSimulator.ActiveCfg = Debug|Any CPU
		{E92CDF12-E179-42B2-B33A-17A86D9B0313}.Debug|iPhoneSimulator.Build.0 = Debug|Any CPU
		{E92CDF12-E179-42B2-B33A-17A86D9B0313}.Debug|x64.ActiveCfg = Debug|Any CPU
		{E92CDF12-E179-42B2-B33A-17A86D9B0313}.Debug|x64.Build.0 = Debug|Any CPU
		{E92CDF12-E179-42B2-B33A-17A86D9B0313}.Debug|x86.ActiveCfg = Debug|Any CPU
		{E92CDF12-E179-42B2-B33A-17A86D9B0313}.Debug|x86.Build.0 = Debug|Any CPU
		{E92CDF12-E179-42B2-B33A-17A86D9B0313}.Release|Any CPU.ActiveCfg = Release|Any CPU
		{E92CDF12-E179-42B2-B33A-17A86D9B0313}.Release|Any CPU.Build.0 = Release|Any CPU
		{E92CDF12-E179-42B2-B33A-17A86D9B0313}.Release|ARM.ActiveCfg = Release|Any CPU
		{E92CDF12-E179-42B2-B33A-17A86D9B0313}.Release|ARM.Build.0 = Release|Any CPU
		{E92CDF12-E179-42B2-B33A-17A86D9B0313}.Release|iPhone.ActiveCfg = Release|Any CPU
		{E92CDF12-E179-42B2-B33A-17A86D9B0313}.Release|iPhone.Build.0 = Release|Any CPU
		{E92CDF12-E179-42B2-B33A-17A86D9B0313}.Release|iPhoneSimulator.ActiveCfg = Release|Any CPU
		{E92CDF12-E179-42B2-B33A-17A86D9B0313}.Release|iPhoneSimulator.Build.0 = Release|Any CPU
		{E92CDF12-E179-42B2-B33A-17A86D9B0313}.Release|x64.ActiveCfg = Release|Any CPU
		{E92CDF12-E179-42B2-B33A-17A86D9B0313}.Release|x64.Build.0 = Release|Any CPU
		{E92CDF12-E179-42B2-B33A-17A86D9B0313}.Release|x86.ActiveCfg = Release|Any CPU
		{E92CDF12-E179-42B2-B33A-17A86D9B0313}.Release|x86.Build.0 = Release|Any CPU
	EndGlobalSection
	GlobalSection(SolutionProperties) = preSolution
		HideSolutionNode = FALSE
	EndGlobalSection
EndGlobal
